
Microsoft Visual Studio Solution File, Format Version 12.00
# Visual Studio Version 16
VisualStudioVersion = 16.0.31624.102
MinimumVisualStudioVersion = 10.0.40219.1
Project("{FAE04EC0-301F-11D3-BF4B-00C04F79EFBC}") = "NullableTypes", "NullableTypes\NullableTypes.csproj", "{EAB525C1-B149-4DFD-A90C-7B56BFB529BF}"
EndProject
Global
	GlobalSection(SolutionConfigurationPlatforms) = preSolution
		Debug|Any CPU = Debug|Any CPU
		Release|Any CPU = Release|Any CPU
	EndGlobalSection
	GlobalSection(ProjectConfigurationPlatforms) = postSolution
		{EAB525C1-B149-4DFD-A90C-7B56BFB529BF}.Debug|Any CPU.ActiveCfg = Debug|Any CPU
		{EAB525C1-B149-4DFD-A90C-7B56BFB529BF}.Debug|Any CPU.Build.0 = Debug|Any CPU
		{EAB525C1-B149-4DFD-A90C-7B56BFB529BF}.Release|Any CPU.ActiveCfg = Release|Any CPU
		{EAB525C1-B149-4DFD-A90C-7B56BFB529BF}.Release|Any CPU.Build.0 = Release|Any CPU
	EndGlobalSection
	GlobalSection(SolutionProperties) = preSolution
		HideSolutionNode = FALSE
	EndGlobalSection
	GlobalSection(ExtensibilityGlobals) = postSolution
		SolutionGuid = {A7D83B64-7FA9-4B09-8086-112E80FFC546}
	EndGlobalSection
EndGlobal
